
Microsoft Visual Studio Solution File, Format Version 12.00
# Visual Studio 14
VisualStudioVersion = 14.0.25420.1
MinimumVisualStudioVersion = 10.0.40219.1
Project("{FAE04EC0-301F-11D3-BF4B-00C04F79EFBC}") = "API_CRUD", "API_CRUD\API_CRUD.csproj", "{F569FE20-5825-48E8-B10D-02DA0D45C0D4}"
EndProject
Project("{FAE04EC0-301F-11D3-BF4B-00C04F79EFBC}") = "Business", "Business\Business.csproj", "{5D82EAD8-C66B-43A9-A91B-033F2B333E48}"
EndProject
Project("{FAE04EC0-301F-11D3-BF4B-00C04F79EFBC}") = "ClienteMongoDB", "ClienteMongoDB\ClienteMongoDB.csproj", "{06832EB9-421E-4C81-A07F-D5338A3E3A50}"
EndProject
Global
	GlobalSection(SolutionConfigurationPlatforms) = preSolution
		Debug|Any CPU = Debug|Any CPU
		Release|Any CPU = Release|Any CPU
	EndGlobalSection
	GlobalSection(ProjectConfigurationPlatforms) = postSolution
		{F569FE20-5825-48E8-B10D-02DA0D45C0D4}.Debug|Any CPU.ActiveCfg = Debug|Any CPU
		{F569FE20-5825-48E8-B10D-02DA0D45C0D4}.Debug|Any CPU.Build.0 = Debug|Any CPU
		{F569FE20-5825-48E8-B10D-02DA0D45C0D4}.Release|Any CPU.ActiveCfg = Release|Any CPU
		{F569FE20-5825-48E8-B10D-02DA0D45C0D4}.Release|Any CPU.Build.0 = Release|Any CPU
		{5D82EAD8-C66B-43A9-A91B-033F2B333E48}.Debug|Any CPU.ActiveCfg = Debug|Any CPU
		{5D82EAD8-C66B-43A9-A91B-033F2B333E48}.Debug|Any CPU.Build.0 = Debug|Any CPU
		{5D82EAD8-C66B-43A9-A91B-033F2B333E48}.Release|Any CPU.ActiveCfg = Release|Any CPU
		{5D82EAD8-C66B-43A9-A91B-033F2B333E48}.Release|Any CPU.Build.0 = Release|Any CPU
		{06832EB9-421E-4C81-A07F-D5338A3E3A50}.Debug|Any CPU.ActiveCfg = Debug|Any CPU
		{06832EB9-421E-4C81-A07F-D5338A3E3A50}.Debug|Any CPU.Build.0 = Debug|Any CPU
		{06832EB9-421E-4C81-A07F-D5338A3E3A50}.Release|Any CPU.ActiveCfg = Release|Any CPU
		{06832EB9-421E-4C81-A07F-D5338A3E3A50}.Release|Any CPU.Build.0 = Release|Any CPU
	EndGlobalSection
	GlobalSection(SolutionProperties) = preSolution
		HideSolutionNode = FALSE
	EndGlobalSection
EndGlobal
